{
  "name": "iss_tracker",
  "version": "1.0.0",
  "lockfileVersion": 1,
  "requires": true,
  "dependencies": {
    "leaflet": {
      "version": "1.5.1",
      "resolved": "https://registry.npmjs.org/leaflet/-/leaflet-1.5.1.tgz",
      "integrity": "sha512-ekM9KAeG99tYisNBg0IzEywAlp0hYI5XRipsqRXyRTeuU8jcuntilpp+eFf5gaE0xubc9RuSNIVtByEKwqFV0w=="
    },
    "vue2-leaflet": {
      "version": "2.1.1",
      "resolved": "https://registry.npmjs.org/vue2-leaflet/-/vue2-leaflet-2.1.1.tgz",
      "integrity": "sha512-boJIObTHJOtiLqPDtcL8FdQMr/PLDyZ6/InQBU13mcmNtn4/hvzbyqLmVtvWbRFeGOifAMkJBlbj3gLjrhFdmw=="
    }
  }
}
